{
  "originHash" : "30a7295afa844870bac9be8e6eabe617acfa525d758a8f2981c1a5454b79af9f",
  "pins" : [
    {
      "identity" : "swift-lexbor",
      "kind" : "remoteSourceControl",
      "location" : "https://github.com/AgapovOne/swift-lexbor",
      "state" : {
        "revision" : "56e4993a23794fa17a5f59332e702863af505e26",
        "version" : "0.1.0"
      }
    }
  ],
  "version" : 3
}
